// !$*UTF8*$!
{
	archiveVersion = 1;
	classes = {
	};
	objectVersion = 50;
	objects = {

/* Begin PBXBuildFile section */
		18067D6527469C3B002DE808 /* Tandoor.jpeg in Resources */ = {isa = PBXBuildFile; fileRef = 18067D6427469C3B002DE808 /* Tandoor.jpeg */; };
		18067D6A27469C42002DE808 /* naan.jpeg in Resources */ = {isa = PBXBuildFile; fileRef = 18067D6927469C42002DE808 /* naan.jpeg */; };
		18067D6F27469C48002DE808 /* roti.jpeg in Resources */ = {isa = PBXBuildFile; fileRef = 18067D6E27469C48002DE808 /* roti.jpeg */; };
		18067D7427469C4E002DE808 /* sada.jpeg in Resources */ = {isa = PBXBuildFile; fileRef = 18067D7327469C4E002DE808 /* sada.jpeg */; };
		18067D7927469C53002DE808 /* masala.jpeg in Resources */ = {isa = PBXBuildFile; fileRef = 18067D7827469C53002DE808 /* masala.jpeg */; };
		18067D7E27469C59002DE808 /* cheese.jpeg in Resources */ = {isa = PBXBuildFile; fileRef = 18067D7D27469C59002DE808 /* cheese.jpeg */; };
		18067D8327469C5E002DE808 /* grill.jpeg in Resources */ = {isa = PBXBuildFile; fileRef = 18067D8227469C5E002DE808 /* grill.jpeg */; };
		18067D9B27469CD0002DE808 /* jumbo.jpeg in Resources */ = {isa = PBXBuildFile; fileRef = 18067D9A27469CD0002DE808 /* jumbo.jpeg */; };
		18699544273F70EE00FAEF04 /* AppDelegate.swift in Sources */ = {isa = PBXBuildFile; fileRef = 18699543273F70EE00FAEF04 /* AppDelegate.swift */; };
		18699546273F70EE00FAEF04 /* SceneDelegate.swift in Sources */ = {isa = PBXBuildFile; fileRef = 18699545273F70EE00FAEF04 /* SceneDelegate.swift */; };
		18699548273F70EE00FAEF04 /* ViewController.swift in Sources */ = {isa = PBXBuildFile; fileRef = 18699547273F70EE00FAEF04 /* ViewController.swift */; };
		1869954B273F70EE00FAEF04 /* Main.storyboard in Resources */ = {isa = PBXBuildFile; fileRef = 18699549273F70EE00FAEF04 /* Main.storyboard */; };
		1869954D273F70F000FAEF04 /* Assets.xcassets in Resources */ = {isa = PBXBuildFile; fileRef = 1869954C273F70F000FAEF04 /* Assets.xcassets */; };
		18699550273F70F000FAEF04 /* LaunchScreen.storyboard in Resources */ = {isa = PBXBuildFile; fileRef = 1869954E273F70F000FAEF04 /* LaunchScreen.storyboard */; };
		1869955B273F70F000FAEF04 /* TbleDemoTests.swift in Sources */ = {isa = PBXBuildFile; fileRef = 1869955A273F70F000FAEF04 /* TbleDemoTests.swift */; };
		18699566273F70F000FAEF04 /* TbleDemoUITests.swift in Sources */ = {isa = PBXBuildFile; fileRef = 18699565273F70F000FAEF04 /* TbleDemoUITests.swift */; };
/* End PBXBuildFile section */

/* Begin PBXContainerItemProxy section */
		18699557273F70F000FAEF04 /* PBXContainerItemProxy */ = {
			isa = PBXContainerItemProxy;
			containerPortal = 18699538273F70EE00FAEF04 /* Project object */;
			proxyType = 1;
			remoteGlobalIDString = 1869953F273F70EE00FAEF04;
			remoteInfo = TbleDemo;
		};
		18699562273F70F000FAEF04 /* PBXContainerItemProxy */ = {
			isa = PBXContainerItemProxy;
			containerPortal = 18699538273F70EE00FAEF04 /* Project object */;
			proxyType = 1;
			remoteGlobalIDString = 1869953F273F70EE00FAEF04;
			remoteInfo = TbleDemo;
		};
/* End PBXContainerItemProxy section */

/* Begin PBXFileReference section */
		18067D6427469C3B002DE808 /* Tandoor.jpeg */ = {isa = PBXFileReference; lastKnownFileType = image.jpeg; name = Tandoor.jpeg; path = ../../../Downloads/Tandoor.jpeg; sourceTree = "<group>"; };
		18067D6927469C42002DE808 /* naan.jpeg */ = {isa = PBXFileReference; lastKnownFileType = image.jpeg; name = naan.jpeg; path = ../../../Downloads/naan.jpeg; sourceTree = "<group>"; };
		18067D6E27469C48002DE808 /* roti.jpeg */ = {isa = PBXFileReference; lastKnownFileType = image.jpeg; name = roti.jpeg; path = ../../../Downloads/roti.jpeg; sourceTree = "<group>"; };
		18067D7327469C4E002DE808 /* sada.jpeg */ = {isa = PBXFileReference; lastKnownFileType = image.jpeg; name = sada.jpeg; path = ../../../Downloads/sada.jpeg; sourceTree = "<group>"; };
		18067D7827469C53002DE808 /* masala.jpeg */ = {isa = PBXFileReference; lastKnownFileType = image.jpeg; name = masala.jpeg; path = ../../../Downloads/masala.jpeg; sourceTree = "<group>"; };
		18067D7D27469C59002DE808 /* cheese.jpeg */ = {isa = PBXFileReference; lastKnownFileType = image.jpeg; name = cheese.jpeg; path = ../../../Downloads/cheese.jpeg; sourceTree = "<group>"; };
		18067D8227469C5E002DE808 /* grill.jpeg */ = {isa = PBXFileReference; lastKnownFileType = image.jpeg; name = grill.jpeg; path = ../../../Downloads/grill.jpeg; sourceTree = "<group>"; };
		18067D9A27469CD0002DE808 /* jumbo.jpeg */ = {isa = PBXFileReference; lastKnownFileType = image.jpeg; name = jumbo.jpeg; path = ../../../Downloads/jumbo.jpeg; sourceTree = "<group>"; };
		18699540273F70EE00FAEF04 /* TbleDemo.app */ = {isa = PBXFileReference; explicitFileType = wrapper.application; includeInIndex = 0; path = TbleDemo.app; sourceTree = BUILT_PRODUCTS_DIR; };
		18699543273F70EE00FAEF04 /* AppDelegate.swift */ = {isa = PBXFileReference; lastKnownFileType = sourcecode.swift; path = AppDelegate.swift; sourceTree = "<group>"; };
		18699545273F70EE00FAEF04 /* SceneDelegate.swift */ = {isa = PBXFileReference; lastKnownFileType = sourcecode.swift; path = SceneDelegate.swift; sourceTree = "<group>"; };
		18699547273F70EE00FAEF04 /* ViewController.swift */ = {isa = PBXFileReference; lastKnownFileType = sourcecode.swift; path = ViewController.swift; sourceTree = "<group>"; };
		1869954A273F70EE00FAEF04 /* Base */ = {isa = PBXFileReference; lastKnownFileType = file.storyboard; name = Base; path = Base.lproj/Main.storyboard; sourceTree = "<group>"; };
		1869954C273F70F000FAEF04 /* Assets.xcassets */ = {isa = PBXFileReference; lastKnownFileType = folder.assetcatalog; path = Assets.xcassets; sourceTree = "<group>"; };
		1869954F273F70F000FAEF04 /* Base */ = {isa = PBXFileReference; lastKnownFileType = file.storyboard; name = Base; path = Base.lproj/LaunchScreen.storyboard; sourceTree = "<group>"; };
		18699551273F70F000FAEF04 /* Info.plist */ = {isa = PBXFileReference; lastKnownFileType = text.plist.xml; path = Info.plist; sourceTree = "<group>"; };
		18699556273F70F000FAEF04 /* TbleDemoTests.xctest */ = {isa = PBXFileReference; explicitFileType = wrapper.cfbundle; includeInIndex = 0; path = TbleDemoTests.xctest; sourceTree = BUILT_PRODUCTS_DIR; };
		1869955A273F70F000FAEF04 /* TbleDemoTests.swift */ = {isa = PBXFileReference; lastKnownFileType = sourcecode.swift; path = TbleDemoTests.swift; sourceTree = "<group>"; };
		1869955C273F70F000FAEF04 /* Info.plist */ = {isa = PBXFileReference; lastKnownFileType = text.plist.xml; path = Info.plist; sourceTree = "<group>"; };
		18699561273F70F000FAEF04 /* TbleDemoUITests.xctest */ = {isa = PBXFileReference; explicitFileType = wrapper.cfbundle; includeInIndex = 0; path = TbleDemoUITests.xctest; sourceTree = BUILT_PRODUCTS_DIR; };
		18699565273F70F000FAEF04 /* TbleDemoUITests.swift */ = {isa = PBXFileReference; lastKnownFileType = sourcecode.swift; path = TbleDemoUITests.swift; sourceTree = "<group>"; };
		18699567273F70F000FAEF04 /* Info.plist */ = {isa = PBXFileReference; lastKnownFileType = text.plist.xml; path = Info.plist; sourceTree = "<group>"; };
/* End PBXFileReference section */

/* Begin PBXFrameworksBuildPhase section */
		1869953D273F70EE00FAEF04 /* Frameworks */ = {
			isa = PBXFrameworksBuildPhase;
			buildActionMask = 2147483647;
			files = (
			);
			runOnlyForDeploymentPostprocessing = 0;
		};
		18699553273F70F000FAEF04 /* Frameworks */ = {
			isa = PBXFrameworksBuildPhase;
			buildActionMask = 2147483647;
			files = (
			);
			runOnlyForDeploymentPostprocessing = 0;
		};
		1869955E273F70F000FAEF04 /* Frameworks */ = {
			isa = PBXFrameworksBuildPhase;
			buildActionMask = 2147483647;
			files = (
			);
			runOnlyForDeploymentPostprocessing = 0;
		};
/* End PBXFrameworksBuildPhase section */

/* Begin PBXGroup section */
		18699537273F70EE00FAEF04 = {
			isa = PBXGroup;
			children = (
				18699542273F70EE00FAEF04 /* TbleDemo */,
				18699559273F70F000FAEF04 /* TbleDemoTests */,
				18699564273F70F000FAEF04 /* TbleDemoUITests */,
				18699541273F70EE00FAEF04 /* Products */,
			);
			sourceTree = "<group>";
		};
		18699541273F70EE00FAEF04 /* Products */ = {
			isa = PBXGroup;
			children = (
				18699540273F70EE00FAEF04 /* TbleDemo.app */,
				18699556273F70F000FAEF04 /* TbleDemoTests.xctest */,
				18699561273F70F000FAEF04 /* TbleDemoUITests.xctest */,
			);
			name = Products;
			sourceTree = "<group>";
		};
		18699542273F70EE00FAEF04 /* TbleDemo */ = {
			isa = PBXGroup;
			children = (
				18699543273F70EE00FAEF04 /* AppDelegate.swift */,
				18699545273F70EE00FAEF04 /* SceneDelegate.swift */,
				18699547273F70EE00FAEF04 /* ViewController.swift */,
				18067D9A27469CD0002DE808 /* jumbo.jpeg */,
				18067D6427469C3B002DE808 /* Tandoor.jpeg */,
				18067D6927469C42002DE808 /* naan.jpeg */,
				18067D6E27469C48002DE808 /* roti.jpeg */,
				18067D7327469C4E002DE808 /* sada.jpeg */,
				18067D7827469C53002DE808 /* masala.jpeg */,
				18067D7D27469C59002DE808 /* cheese.jpeg */,
				18067D8227469C5E002DE808 /* grill.jpeg */,
				18699549273F70EE00FAEF04 /* Main.storyboard */,
				1869954C273F70F000FAEF04 /* Assets.xcassets */,
				1869954E273F70F000FAEF04 /* LaunchScreen.storyboard */,
				18699551273F70F000FAEF04 /* Info.plist */,
			);
			path = TbleDemo;
			sourceTree = "<group>";
		};
		18699559273F70F000FAEF04 /* TbleDemoTests */ = {
			isa = PBXGroup;
			children = (
				1869955A273F70F000FAEF04 /* TbleDemoTests.swift */,
				1869955C273F70F000FAEF04 /* Info.plist */,
			);
			path = TbleDemoTests;
			sourceTree = "<group>";
		};
		18699564273F70F000FAEF04 /* TbleDemoUITests */ = {
			isa = PBXGroup;
			children = (
				18699565273F70F000FAEF04 /* TbleDemoUITests.swift */,
				18699567273F70F000FAEF04 /* Info.plist */,
			);
			path = TbleDemoUITests;
			sourceTree = "<group>";
		};
/* End PBXGroup section */

/* Begin PBXNativeTarget section */
		1869953F273F70EE00FAEF04 /* TbleDemo */ = {
			isa = PBXNativeTarget;
			buildConfigurationList = 1869956A273F70F000FAEF04 /* Build configuration list for PBXNativeTarget "TbleDemo" */;
			buildPhases = (
				1869953C273F70EE00FAEF04 /* Sources */,
				1869953D273F70EE00FAEF04 /* Frameworks */,
				1869953E273F70EE00FAEF04 /* Resources */,
			);
			buildRules = (
			);
			dependencies = (
			);
			name = TbleDemo;
			productName = TbleDemo;
			productReference = 18699540273F70EE00FAEF04 /* TbleDemo.app */;
			productType = "com.apple.product-type.application";
		};
		18699555273F70F000FAEF04 /* TbleDemoTests */ = {
			isa = PBXNativeTarget;
			buildConfigurationList = 1869956D273F70F000FAEF04 /* Build configuration list for PBXNativeTarget "TbleDemoTests" */;
			buildPhases = (
				18699552273F70F000FAEF04 /* Sources */,
				18699553273F70F000FAEF04 /* Frameworks */,
				18699554273F70F000FAEF04 /* Resources */,
			);
			buildRules = (
			);
			dependencies = (
				18699558273F70F000FAEF04 /* PBXTargetDependency */,
			);
			name = TbleDemoTests;
			productName = TbleDemoTests;
			productReference = 18699556273F70F000FAEF04 /* TbleDemoTests.xctest */;
			productType = "com.apple.product-type.bundle.unit-test";
		};
		18699560273F70F000FAEF04 /* TbleDemoUITests */ = {
			isa = PBXNativeTarget;
			buildConfigurationList = 18699570273F70F000FAEF04 /* Build configuration list for PBXNativeTarget "TbleDemoUITests" */;
			buildPhases = (
				1869955D273F70F000FAEF04 /* Sources */,
				1869955E273F70F000FAEF04 /* Frameworks */,
				1869955F273F70F000FAEF04 /* Resources */,
			);
			buildRules = (
			);
			dependencies = (
				18699563273F70F000FAEF04 /* PBXTargetDependency */,
			);
			name = TbleDemoUITests;
			productName = TbleDemoUITests;
			productReference = 18699561273F70F000FAEF04 /* TbleDemoUITests.xctest */;
			productType = "com.apple.product-type.bundle.ui-testing";
		};
/* End PBXNativeTarget section */

/* Begin PBXProject section */
		18699538273F70EE00FAEF04 /* Project object */ = {
			isa = PBXProject;
			attributes = {
				LastSwiftUpdateCheck = 1240;
				LastUpgradeCheck = 1240;
				TargetAttributes = {
					1869953F273F70EE00FAEF04 = {
						CreatedOnToolsVersion = 12.4;
					};
					18699555273F70F000FAEF04 = {
						CreatedOnToolsVersion = 12.4;
						TestTargetID = 1869953F273F70EE00FAEF04;
					};
					18699560273F70F000FAEF04 = {
						CreatedOnToolsVersion = 12.4;
						TestTargetID = 1869953F273F70EE00FAEF04;
					};
				};
			};
			buildConfigurationList = 1869953B273F70EE00FAEF04 /* Build configuration list for PBXProject "TbleDemo" */;
			compatibilityVersion = "Xcode 9.3";
			developmentRegion = en;
			hasScannedForEncodings = 0;
			knownRegions = (
				en,
				Base,
			);
			mainGroup = 18699537273F70EE00FAEF04;
			productRefGroup = 18699541273F70EE00FAEF04 /* Products */;
			projectDirPath = "";
			projectRoot = "";
			targets = (
				1869953F273F70EE00FAEF04 /* TbleDemo */,
				18699555273F70F000FAEF04 /* TbleDemoTests */,
				18699560273F70F000FAEF04 /* TbleDemoUITests */,
			);
		};
/* End PBXProject section */

/* Begin PBXResourcesBuildPhase section */
		1869953E273F70EE00FAEF04 /* Resources */ = {
			isa = PBXResourcesBuildPhase;
			buildActionMask = 2147483647;
			files = (
				18699550273F70F000FAEF04 /* LaunchScreen.storyboard in Resources */,
				1869954D273F70F000FAEF04 /* Assets.xcassets in Resources */,
				1869954B273F70EE00FAEF04 /* Main.storyboard in Resources */,
				18067D9B27469CD0002DE808 /* jumbo.jpeg in Resources */,
				18067D6A27469C42002DE808 /* naan.jpeg in Resources */,
				18067D7E27469C59002DE808 /* cheese.jpeg in Resources */,
				18067D6527469C3B002DE808 /* Tandoor.jpeg in Resources */,
				18067D6F27469C48002DE808 /* roti.jpeg in Resources */,
				18067D8327469C5E002DE808 /* grill.jpeg in Resources */,
				18067D7927469C53002DE808 /* masala.jpeg in Resources */,
				18067D7427469C4E002DE808 /* sada.jpeg in Resources */,
			);
			runOnlyForDeploymentPostprocessing = 0;
		};
		18699554273F70F000FAEF04 /* Resources */ = {
			isa = PBXResourcesBuildPhase;
			buildActionMask = 2147483647;
			files = (
			);
			runOnlyForDeploymentPostprocessing = 0;
		};
		1869955F273F70F000FAEF04 /* Resources */ = {
			isa = PBXResourcesBuildPhase;
			buildActionMask = 2147483647;
			files = (
			);
			runOnlyForDeploymentPostprocessing = 0;
		};
/* End PBXResourcesBuildPhase section */

/* Begin PBXSourcesBuildPhase section */
		1869953C273F70EE00FAEF04 /* Sources */ = {
			isa = PBXSourcesBuildPhase;
			buildActionMask = 2147483647;
			files = (
				18699548273F70EE00FAEF04 /* ViewController.swift in Sources */,
				18699544273F70EE00FAEF04 /* AppDelegate.swift in Sources */,
				18699546273F70EE00FAEF04 /* SceneDelegate.swift in Sources */,
			);
			runOnlyForDeploymentPostprocessing = 0;
		};
		18699552273F70F000FAEF04 /* Sources */ = {
			isa = PBXSourcesBuildPhase;
			buildActionMask = 2147483647;
			files = (
				1869955B273F70F000FAEF04 /* TbleDemoTests.swift in Sources */,
			);
			runOnlyForDeploymentPostprocessing = 0;
		};
		1869955D273F70F000FAEF04 /* Sources */ = {
			isa = PBXSourcesBuildPhase;
			buildActionMask = 2147483647;
			files = (
				18699566273F70F000FAEF04 /* TbleDemoUITests.swift in Sources */,
			);
			runOnlyForDeploymentPostprocessing = 0;
		};
/* End PBXSourcesBuildPhase section */

/* Begin PBXTargetDependency section */
		18699558273F70F000FAEF04 /* PBXTargetDependency */ = {
			isa = PBXTargetDependency;
			target = 1869953F273F70EE00FAEF04 /* TbleDemo */;
			targetProxy = 18699557273F70F000FAEF04 /* PBXContainerItemProxy */;
		};
		18699563273F70F000FAEF04 /* PBXTargetDependency */ = {
			isa = PBXTargetDependency;
			target = 1869953F273F70EE00FAEF04 /* TbleDemo */;
			targetProxy = 18699562273F70F000FAEF04 /* PBXContainerItemProxy */;
		};
/* End PBXTargetDependency section */

/* Begin PBXVariantGroup section */
		18699549273F70EE00FAEF04 /* Main.storyboard */ = {
			isa = PBXVariantGroup;
			children = (
				1869954A273F70EE00FAEF04 /* Base */,
			);
			name = Main.storyboard;
			sourceTree = "<group>";
		};
		1869954E273F70F000FAEF04 /* LaunchScreen.storyboard */ = {
			isa = PBXVariantGroup;
			children = (
				1869954F273F70F000FAEF04 /* Base */,
			);
			name = LaunchScreen.storyboard;
			sourceTree = "<group>";
		};
/* End PBXVariantGroup section */

/* Begin XCBuildConfiguration section */
		18699568273F70F000FAEF04 /* Debug */ = {
			isa = XCBuildConfiguration;
			buildSettings = {
				ALWAYS_SEARCH_USER_PATHS = NO;
				CLANG_ANALYZER_NONNULL = YES;
				CLANG_ANALYZER_NUMBER_OBJECT_CONVERSION = YES_AGGRESSIVE;
				CLANG_CXX_LANGUAGE_STANDARD = "gnu++14";
				CLANG_CXX_LIBRARY = "libc++";
				CLANG_ENABLE_MODULES = YES;
				CLANG_ENABLE_OBJC_ARC = YES;
				CLANG_ENABLE_OBJC_WEAK = YES;
				CLANG_WARN_BLOCK_CAPTURE_AUTORELEASING = YES;
				CLANG_WARN_BOOL_CONVERSION = YES;
				CLANG_WARN_COMMA = YES;
				CLANG_WARN_CONSTANT_CONVERSION = YES;
				CLANG_WARN_DEPRECATED_OBJC_IMPLEMENTATIONS = YES;
				CLANG_WARN_DIRECT_OBJC_ISA_USAGE = YES_ERROR;
				CLANG_WARN_DOCUMENTATION_COMMENTS = YES;
				CLANG_WARN_EMPTY_BODY = YES;
				CLANG_WARN_ENUM_CONVERSION = YES;
				CLANG_WARN_INFINITE_RECURSION = YES;
				CLANG_WARN_INT_CONVERSION = YES;
				CLANG_WARN_NON_LITERAL_NULL_CONVERSION = YES;
				CLANG_WARN_OBJC_IMPLICIT_RETAIN_SELF = YES;
				CLANG_WARN_OBJC_LITERAL_CONVERSION = YES;
				CLANG_WARN_OBJC_ROOT_CLASS = YES_ERROR;
				CLANG_WARN_QUOTED_INCLUDE_IN_FRAMEWORK_HEADER = YES;
				CLANG_WARN_RANGE_LOOP_ANALYSIS = YES;
				CLANG_WARN_STRICT_PROTOTYPES = YES;
				CLANG_WARN_SUSPICIOUS_MOVE = YES;
				CLANG_WARN_UNGUARDED_AVAILABILITY = YES_AGGRESSIVE;
				CLANG_WARN_UNREACHABLE_CODE = YES;
				CLANG_WARN__DUPLICATE_METHOD_MATCH = YES;
				COPY_PHASE_STRIP = NO;
				DEBUG_INFORMATION_FORMAT = dwarf;
				ENABLE_STRICT_OBJC_MSGSEND = YES;
				ENABLE_TESTABILITY = YES;
				GCC_C_LANGUAGE_STANDARD = gnu11;
				GCC_DYNAMIC_NO_PIC = NO;
				GCC_NO_COMMON_BLOCKS = YES;
				GCC_OPTIMIZATION_LEVEL = 0;
				GCC_PREPROCESSOR_DEFINITIONS = (
					"DEBUG=1",
					"$(inherited)",
				);
				GCC_WARN_64_TO_32_BIT_CONVERSION = YES;
				GCC_WARN_ABOUT_RETURN_TYPE = YES_ERROR;
				GCC_WARN_UNDECLARED_SELECTOR = YES;
				GCC_WARN_UNINITIALIZED_AUTOS = YES_AGGRESSIVE;
				GCC_WARN_UNUSED_FUNCTION = YES;
				GCC_WARN_UNUSED_VARIABLE = YES;
				IPHONEOS_DEPLOYMENT_TARGET = 14.4;
				MTL_ENABLE_DEBUG_INFO = INCLUDE_SOURCE;
				MTL_FAST_MATH = YES;
				ONLY_ACTIVE_ARCH = YES;
				SDKROOT = iphoneos;
				SWIFT_ACTIVE_COMPILATION_CONDITIONS = DEBUG;
				SWIFT_OPTIMIZATION_LEVEL = "-Onone";
			};
			name = Debug;
		};
		18699569273F70F000FAEF04 /* Release */ = {
			isa = XCBuildConfiguration;
			buildSettings = {
				ALWAYS_SEARCH_USER_PATHS = NO;
				CLANG_ANALYZER_NONNULL = YES;
				CLANG_ANALYZER_NUMBER_OBJECT_CONVERSION = YES_AGGRESSIVE;
				CLANG_CXX_LANGUAGE_STANDARD = "gnu++14";
				CLANG_CXX_LIBRARY = "libc++";
				CLANG_ENABLE_MODULES = YES;
				CLANG_ENABLE_OBJC_ARC = YES;
				CLANG_ENABLE_OBJC_WEAK = YES;
				CLANG_WARN_BLOCK_CAPTURE_AUTORELEASING = YES;
				CLANG_WARN_BOOL_CONVERSION = YES;
				CLANG_WARN_COMMA = YES;
				CLANG_WARN_CONSTANT_CONVERSION = YES;
				CLANG_WARN_DEPRECATED_OBJC_IMPLEMENTATIONS = YES;
				CLANG_WARN_DIRECT_OBJC_ISA_USAGE = YES_ERROR;
				CLANG_WARN_DOCUMENTATION_COMMENTS = YES;
				CLANG_WARN_EMPTY_BODY = YES;
				CLANG_WARN_ENUM_CONVERSION = YES;
				CLANG_WARN_INFINITE_RECURSION = YES;
				CLANG_WARN_INT_CONVERSION = YES;
				CLANG_WARN_NON_LITERAL_NULL_CONVERSION = YES;
				CLANG_WARN_OBJC_IMPLICIT_RETAIN_SELF = YES;
				CLANG_WARN_OBJC_LITERAL_CONVERSION = YES;
				CLANG_WARN_OBJC_ROOT_CLASS = YES_ERROR;
				CLANG_WARN_QUOTED_INCLUDE_IN_FRAMEWORK_HEADER = YES;
				CLANG_WARN_RANGE_LOOP_ANALYSIS = YES;
				CLANG_WARN_STRICT_PROTOTYPES = YES;
				CLANG_WARN_SUSPICIOUS_MOVE = YES;
				CLANG_WARN_UNGUARDED_AVAILABILITY = YES_AGGRESSIVE;
				CLANG_WARN_UNREACHABLE_CODE = YES;
				CLANG_WARN__DUPLICATE_METHOD_MATCH = YES;
				COPY_PHASE_STRIP = NO;
				DEBUG_INFORMATION_FORMAT = "dwarf-with-dsym";
				ENABLE_NS_ASSERTIONS = NO;
				ENABLE_STRICT_OBJC_MSGSEND = YES;
				GCC_C_LANGUAGE_STANDARD = gnu11;
				GCC_NO_COMMON_BLOCKS = YES;
				GCC_WARN_64_TO_32_BIT_CONVERSION = YES;
				GCC_WARN_ABOUT_RETURN_TYPE = YES_ERROR;
				GCC_WARN_UNDECLARED_SELECTOR = YES;
				GCC_WARN_UNINITIALIZED_AUTOS = YES_AGGRESSIVE;
				GCC_WARN_UNUSED_FUNCTION = YES;
				GCC_WARN_UNUSED_VARIABLE = YES;
				IPHONEOS_DEPLOYMENT_TARGET = 14.4;
				MTL_ENABLE_DEBUG_INFO = NO;
				MTL_FAST_MATH = YES;
				SDKROOT = iphoneos;
				SWIFT_COMPILATION_MODE = wholemodule;
				SWIFT_OPTIMIZATION_LEVEL = "-O";
				VALIDATE_PRODUCT = YES;
			};
			name = Release;
		};
		1869956B273F70F000FAEF04 /* Debug */ = {
			isa = XCBuildConfiguration;
			buildSettings = {
				ASSETCATALOG_COMPILER_APPICON_NAME = AppIcon;
				ASSETCATALOG_COMPILER_GLOBAL_ACCENT_COLOR_NAME = AccentColor;
				CODE_SIGN_STYLE = Automatic;
				INFOPLIST_FILE = TbleDemo/Info.plist;
				LD_RUNPATH_SEARCH_PATHS = (
					"$(inherited)",
					"@executable_path/Frameworks",
				);
				PRODUCT_BUNDLE_IDENTIFIER = com.TbleDemo;
				PRODUCT_NAME = "$(TARGET_NAME)";
				SWIFT_VERSION = 5.0;
				TARGETED_DEVICE_FAMILY = "1,2";
			};
			name = Debug;
		};
		1869956C273F70F000FAEF04 /* Release */ = {
			isa = XCBuildConfiguration;
			buildSettings = {
				ASSETCATALOG_COMPILER_APPICON_NAME = AppIcon;
				ASSETCATALOG_COMPILER_GLOBAL_ACCENT_COLOR_NAME = AccentColor;
				CODE_SIGN_STYLE = Automatic;
				INFOPLIST_FILE = TbleDemo/Info.plist;
				LD_RUNPATH_SEARCH_PATHS = (
					"$(inherited)",
					"@executable_path/Frameworks",
				);
				PRODUCT_BUNDLE_IDENTIFIER = com.TbleDemo;
				PRODUCT_NAME = "$(TARGET_NAME)";
				SWIFT_VERSION = 5.0;
				TARGETED_DEVICE_FAMILY = "1,2";
			};
			name = Release;
		};
		1869956E273F70F000FAEF04 /* Debug */ = {
			isa = XCBuildConfiguration;
			buildSettings = {
				ALWAYS_EMBED_SWIFT_STANDARD_LIBRARIES = YES;
				BUNDLE_LOADER = "$(TEST_HOST)";
				CODE_SIGN_STYLE = Automatic;
				INFOPLIST_FILE = TbleDemoTests/Info.plist;
				IPHONEOS_DEPLOYMENT_TARGET = 14.4;
				LD_RUNPATH_SEARCH_PATHS = (
					"$(inherited)",
					"@executable_path/Frameworks",
					"@loader_path/Frameworks",
				);
				PRODUCT_BUNDLE_IDENTIFIER = com.TbleDemoTests;
				PRODUCT_NAME = "$(TARGET_NAME)";
				SWIFT_VERSION = 5.0;
				TARGETED_DEVICE_FAMILY = "1,2";
				TEST_HOST = "$(BUILT_PRODUCTS_DIR)/TbleDemo.app/TbleDemo";
			};
			name = Debug;
		};
		1869956F273F70F000FAEF04 /* Release */ = {
			isa = XCBuildConfiguration;
			buildSettings = {
				ALWAYS_EMBED_SWIFT_STANDARD_LIBRARIES = YES;
				BUNDLE_LOADER = "$(TEST_HOST)";
				CODE_SIGN_STYLE = Automatic;
				INFOPLIST_FILE = TbleDemoTests/Info.plist;
				IPHONEOS_DEPLOYMENT_TARGET = 14.4;
				LD_RUNPATH_SEARCH_PATHS = (
					"$(inherited)",
					"@executable_path/Frameworks",
					"@loader_path/Frameworks",
				);
				PRODUCT_BUNDLE_IDENTIFIER = com.TbleDemoTests;
				PRODUCT_NAME = "$(TARGET_NAME)";
				SWIFT_VERSION = 5.0;
				TARGETED_DEVICE_FAMILY = "1,2";
				TEST_HOST = "$(BUILT_PRODUCTS_DIR)/TbleDemo.app/TbleDemo";
			};
			name = Release;
		};
		18699571273F70F000FAEF04 /* Debug */ = {
			isa = XCBuildConfiguration;
			buildSettings = {
				ALWAYS_EMBED_SWIFT_STANDARD_LIBRARIES = YES;
				CODE_SIGN_STYLE = Automatic;
				INFOPLIST_FILE = TbleDemoUITests/Info.plist;
				LD_RUNPATH_SEARCH_PATHS = (
					"$(inherited)",
					"@executable_path/Frameworks",
					"@loader_path/Frameworks",
				);
				PRODUCT_BUNDLE_IDENTIFIER = com.TbleDemoUITests;
				PRODUCT_NAME = "$(TARGET_NAME)";
				SWIFT_VERSION = 5.0;
				TARGETED_DEVICE_FAMILY = "1,2";
				TEST_TARGET_NAME = TbleDemo;
			};
			name = Debug;
		};
		18699572273F70F000FAEF04 /* Release */ = {
			isa = XCBuildConfiguration;
			buildSettings = {
				ALWAYS_EMBED_SWIFT_STANDARD_LIBRARIES = YES;
				CODE_SIGN_STYLE = Automatic;
				INFOPLIST_FILE = TbleDemoUITests/Info.plist;
				LD_RUNPATH_SEARCH_PATHS = (
					"$(inherited)",
					"@executable_path/Frameworks",
					"@loader_path/Frameworks",
				);
				PRODUCT_BUNDLE_IDENTIFIER = com.TbleDemoUITests;
				PRODUCT_NAME = "$(TARGET_NAME)";
				SWIFT_VERSION = 5.0;
				TARGETED_DEVICE_FAMILY = "1,2";
				TEST_TARGET_NAME = TbleDemo;
			};
			name = Release;
		};
/* End XCBuildConfiguration section */

/* Begin XCConfigurationList section */
		1869953B273F70EE00FAEF04 /* Build configuration list for PBXProject "TbleDemo" */ = {
			isa = XCConfigurationList;
			buildConfigurations = (
				18699568273F70F000FAEF04 /* Debug */,
				18699569273F70F000FAEF04 /* Release */,
			);
			defaultConfigurationIsVisible = 0;
			defaultConfigurationName = Release;
		};
		1869956A273F70F000FAEF04 /* Build configuration list for PBXNativeTarget "TbleDemo" */ = {
			isa = XCConfigurationList;
			buildConfigurations = (
				1869956B273F70F000FAEF04 /* Debug */,
				1869956C273F70F000FAEF04 /* Release */,
			);
			defaultConfigurationIsVisible = 0;
			defaultConfigurationName = Release;
		};
		1869956D273F70F000FAEF04 /* Build configuration list for PBXNativeTarget "TbleDemoTests" */ = {
			isa = XCConfigurationList;
			buildConfigurations = (
				1869956E273F70F000FAEF04 /* Debug */,
				1869956F273F70F000FAEF04 /* Release */,
			);
			defaultConfigurationIsVisible = 0;
			defaultConfigurationName = Release;
		};
		18699570273F70F000FAEF04 /* Build configuration list for PBXNativeTarget "TbleDemoUITests" */ = {
			isa = XCConfigurationList;
			buildConfigurations = (
				18699571273F70F000FAEF04 /* Debug */,
				18699572273F70F000FAEF04 /* Release */,
			);
			defaultConfigurationIsVisible = 0;
			defaultConfigurationName = Release;
		};
/* End XCConfigurationList section */
	};
	rootObject = 18699538273F70EE00FAEF04 /* Project object */;
}
